
Microsoft Visual Studio Solution File, Format Version 12.00
# Visual Studio 15
VisualStudioVersion = 15.0.26020.0
MinimumVisualStudioVersion = 10.0.40219.1
Project("{9A19103F-16F7-4668-BE54-9A1E7A4F7556}") = "MyvarUI", "MyvarUI.csproj", "{7604D57F-A00E-466B-8415-E64289305EEB}"
EndProject
Project("{FAE04EC0-301F-11D3-BF4B-00C04F79EFBC}") = "MyvarUI.Test", "..\MyvarUI.Test\MyvarUI.Test.csproj", "{3E0C3D7E-45FD-4691-85D5-62D207927387}"
EndProject
Global
	GlobalSection(SolutionConfigurationPlatforms) = preSolution
		Debug|Any CPU = Debug|Any CPU
		Debug|x64 = Debug|x64
		Debug|x86 = Debug|x86
		Release|Any CPU = Release|Any CPU
		Release|x64 = Release|x64
		Release|x86 = Release|x86
	EndGlobalSection
	GlobalSection(ProjectConfigurationPlatforms) = postSolution
		{7604D57F-A00E-466B-8415-E64289305EEB}.Debug|Any CPU.ActiveCfg = Debug|Any CPU
		{7604D57F-A00E-466B-8415-E64289305EEB}.Debug|Any CPU.Build.0 = Debug|Any CPU
		{7604D57F-A00E-466B-8415-E64289305EEB}.Debug|x64.ActiveCfg = Debug|x64
		{7604D57F-A00E-466B-8415-E64289305EEB}.Debug|x64.Build.0 = Debug|x64
		{7604D57F-A00E-466B-8415-E64289305EEB}.Debug|x86.ActiveCfg = Debug|x86
		{7604D57F-A00E-466B-8415-E64289305EEB}.Debug|x86.Build.0 = Debug|x86
		{7604D57F-A00E-466B-8415-E64289305EEB}.Release|Any CPU.ActiveCfg = Release|Any CPU
		{7604D57F-A00E-466B-8415-E64289305EEB}.Release|Any CPU.Build.0 = Release|Any CPU
		{7604D57F-A00E-466B-8415-E64289305EEB}.Release|x64.ActiveCfg = Release|x64
		{7604D57F-A00E-466B-8415-E64289305EEB}.Release|x64.Build.0 = Release|x64
		{7604D57F-A00E-466B-8415-E64289305EEB}.Release|x86.ActiveCfg = Release|x86
		{7604D57F-A00E-466B-8415-E64289305EEB}.Release|x86.Build.0 = Release|x86
		{3E0C3D7E-45FD-4691-85D5-62D207927387}.Debug|Any CPU.ActiveCfg = Debug|Any CPU
		{3E0C3D7E-45FD-4691-85D5-62D207927387}.Debug|Any CPU.Build.0 = Debug|Any CPU
		{3E0C3D7E-45FD-4691-85D5-62D207927387}.Debug|x64.ActiveCfg = Debug|x64
		{3E0C3D7E-45FD-4691-85D5-62D207927387}.Debug|x64.Build.0 = Debug|x64
		{3E0C3D7E-45FD-4691-85D5-62D207927387}.Debug|x86.ActiveCfg = Debug|x86
		{3E0C3D7E-45FD-4691-85D5-62D207927387}.Debug|x86.Build.0 = Debug|x86
		{3E0C3D7E-45FD-4691-85D5-62D207927387}.Release|Any CPU.ActiveCfg = Release|Any CPU
		{3E0C3D7E-45FD-4691-85D5-62D207927387}.Release|Any CPU.Build.0 = Release|Any CPU
		{3E0C3D7E-45FD-4691-85D5-62D207927387}.Release|x64.ActiveCfg = Release|x64
		{3E0C3D7E-45FD-4691-85D5-62D207927387}.Release|x64.Build.0 = Release|x64
		{3E0C3D7E-45FD-4691-85D5-62D207927387}.Release|x86.ActiveCfg = Release|x86
		{3E0C3D7E-45FD-4691-85D5-62D207927387}.Release|x86.Build.0 = Release|x86
	EndGlobalSection
	GlobalSection(SolutionProperties) = preSolution
		HideSolutionNode = FALSE
	EndGlobalSection
EndGlobal
